
Microsoft Visual Studio Solution File, Format Version 12.00
# Visual Studio 15
VisualStudioVersion = 15.0.27130.2003
MinimumVisualStudioVersion = 10.0.40219.1
Project("{FAE04EC0-301F-11D3-BF4B-00C04F79EFBC}") = "SIMIYUSTORE.BL", "SIMIYUSTORE.BL\SIMIYUSTORE.BL.csproj", "{6276F143-E6D6-4F42-B2F3-5707A12F4726}"
EndProject
Project("{2150E333-8FDC-42A3-9474-1A3956D46DE8}") = "Tests", "Tests", "{9FA75A9D-FE9B-41B9-AC36-DA13A6A9F661}"
EndProject
Global
	GlobalSection(SolutionConfigurationPlatforms) = preSolution
		Debug|Any CPU = Debug|Any CPU
		Release|Any CPU = Release|Any CPU
	EndGlobalSection
	GlobalSection(ProjectConfigurationPlatforms) = postSolution
		{6276F143-E6D6-4F42-B2F3-5707A12F4726}.Debug|Any CPU.ActiveCfg = Debug|Any CPU
		{6276F143-E6D6-4F42-B2F3-5707A12F4726}.Debug|Any CPU.Build.0 = Debug|Any CPU
		{6276F143-E6D6-4F42-B2F3-5707A12F4726}.Release|Any CPU.ActiveCfg = Release|Any CPU
		{6276F143-E6D6-4F42-B2F3-5707A12F4726}.Release|Any CPU.Build.0 = Release|Any CPU
	EndGlobalSection
	GlobalSection(SolutionProperties) = preSolution
		HideSolutionNode = FALSE
	EndGlobalSection
	GlobalSection(ExtensibilityGlobals) = postSolution
		SolutionGuid = {7E53EC9B-FECB-4501-BF53-D51D52A0653C}
	EndGlobalSection
EndGlobal
